
Microsoft Visual Studio Solution File, Format Version 12.00
# Visual Studio Version 17
VisualStudioVersion = 17.0.31903.59
MinimumVisualStudioVersion = 10.0.40219.1
Project("{2150E333-8FDC-42A3-9474-1A3956D46DE8}") = "src", "src", "{8494758F-27A4-420A-8AF7-6AA6658DC9D9}"
EndProject
Project("{FAE04EC0-301F-11D3-BF4B-00C04F79EFBC}") = "NQueens", "src\NQueens\NQueens.csproj", "{43D677BE-801F-4B3B-9E6C-3746DF693488}"
EndProject
Global
	GlobalSection(SolutionConfigurationPlatforms) = preSolution
		Debug|Any CPU = Debug|Any CPU
		Release|Any CPU = Release|Any CPU
	EndGlobalSection
	GlobalSection(SolutionProperties) = preSolution
		HideSolutionNode = FALSE
	EndGlobalSection
	GlobalSection(ProjectConfigurationPlatforms) = postSolution
		{922BFCEC-52CF-406E-B576-B9374E98C3A3}.Debug|Any CPU.ActiveCfg = Debug|Any CPU
		{922BFCEC-52CF-406E-B576-B9374E98C3A3}.Debug|Any CPU.Build.0 = Debug|Any CPU
		{922BFCEC-52CF-406E-B576-B9374E98C3A3}.Release|Any CPU.ActiveCfg = Release|Any CPU
		{922BFCEC-52CF-406E-B576-B9374E98C3A3}.Release|Any CPU.Build.0 = Release|Any CPU
		{43D677BE-801F-4B3B-9E6C-3746DF693488}.Debug|Any CPU.ActiveCfg = Debug|Any CPU
		{43D677BE-801F-4B3B-9E6C-3746DF693488}.Debug|Any CPU.Build.0 = Debug|Any CPU
		{43D677BE-801F-4B3B-9E6C-3746DF693488}.Release|Any CPU.ActiveCfg = Release|Any CPU
		{43D677BE-801F-4B3B-9E6C-3746DF693488}.Release|Any CPU.Build.0 = Release|Any CPU
	EndGlobalSection
	GlobalSection(NestedProjects) = preSolution
		{43D677BE-801F-4B3B-9E6C-3746DF693488} = {8494758F-27A4-420A-8AF7-6AA6658DC9D9}
	EndGlobalSection
EndGlobal
